
Microsoft Visual Studio Solution File, Format Version 12.00
# Visual Studio Version 17
VisualStudioVersion = 17.9.34723.18
MinimumVisualStudioVersion = 10.0.40219.1
Project("{FAE04EC0-301F-11D3-BF4B-00C04F79EFBC}") = "BookLibraryDecorator", "BookLibraryDecorator\BookLibraryDecorator.csproj", "{4937C0C9-67D3-4955-BC1C-4C0E974E175B}"
EndProject
Global
	GlobalSection(SolutionConfigurationPlatforms) = preSolution
		Debug|Any CPU = Debug|Any CPU
		Release|Any CPU = Release|Any CPU
	EndGlobalSection
	GlobalSection(ProjectConfigurationPlatforms) = postSolution
		{4937C0C9-67D3-4955-BC1C-4C0E974E175B}.Debug|Any CPU.ActiveCfg = Debug|Any CPU
		{4937C0C9-67D3-4955-BC1C-4C0E974E175B}.Debug|Any CPU.Build.0 = Debug|Any CPU
		{4937C0C9-67D3-4955-BC1C-4C0E974E175B}.Release|Any CPU.ActiveCfg = Release|Any CPU
		{4937C0C9-67D3-4955-BC1C-4C0E974E175B}.Release|Any CPU.Build.0 = Release|Any CPU
	EndGlobalSection
	GlobalSection(SolutionProperties) = preSolution
		HideSolutionNode = FALSE
	EndGlobalSection
	GlobalSection(ExtensibilityGlobals) = postSolution
		SolutionGuid = {78D3EA81-866F-43B7-95E3-1C4A53FEBD71}
	EndGlobalSection
EndGlobal
